// !$*UTF8*$!
{
	archiveVersion = 1;
	classes = {
	};
	objectVersion = 46;
	objects = {

/* Begin PBXBuildFile section */
		AACAE9AE1EDF428D00065D9F /* AppDelegate.swift in Sources */ = {isa = PBXBuildFile; fileRef = AACAE9AD1EDF428D00065D9F /* AppDelegate.swift */; };
		AACAE9B01EDF428D00065D9F /* MasterViewController.swift in Sources */ = {isa = PBXBuildFile; fileRef = AACAE9AF1EDF428D00065D9F /* MasterViewController.swift */; };
		AACAE9B21EDF428D00065D9F /* DetailViewController.swift in Sources */ = {isa = PBXBuildFile; fileRef = AACAE9B11EDF428D00065D9F /* DetailViewController.swift */; };
		AACAE9B51EDF428D00065D9F /* Main.storyboard in Resources */ = {isa = PBXBuildFile; fileRef = AACAE9B31EDF428D00065D9F /* Main.storyboard */; };
		AACAE9B71EDF428D00065D9F /* Assets.xcassets in Resources */ = {isa = PBXBuildFile; fileRef = AACAE9B61EDF428D00065D9F /* Assets.xcassets */; };
		AACAE9BA1EDF428D00065D9F /* LaunchScreen.storyboard in Resources */ = {isa = PBXBuildFile; fileRef = AACAE9B81EDF428D00065D9F /* LaunchScreen.storyboard */; };
		AACAE9C31EDF437500065D9F /* Alamofire.framework in Frameworks */ = {isa = PBXBuildFile; fileRef = AACAE9C21EDF437500065D9F /* Alamofire.framework */; };
/* End PBXBuildFile section */

/* Begin PBXFileReference section */
		AACAE9AA1EDF428D00065D9F /* Lido.app */ = {isa = PBXFileReference; explicitFileType = wrapper.application; includeInIndex = 0; path = Lido.app; sourceTree = BUILT_PRODUCTS_DIR; };
		AACAE9AD1EDF428D00065D9F /* AppDelegate.swift */ = {isa = PBXFileReference; lastKnownFileType = sourcecode.swift; path = AppDelegate.swift; sourceTree = "<group>"; };
		AACAE9AF1EDF428D00065D9F /* MasterViewController.swift */ = {isa = PBXFileReference; lastKnownFileType = sourcecode.swift; path = MasterViewController.swift; sourceTree = "<group>"; };
		AACAE9B11EDF428D00065D9F /* DetailViewController.swift */ = {isa = PBXFileReference; lastKnownFileType = sourcecode.swift; path = DetailViewController.swift; sourceTree = "<group>"; };
		AACAE9B41EDF428D00065D9F /* Base */ = {isa = PBXFileReference; lastKnownFileType = file.storyboard; name = Base; path = Base.lproj/Main.storyboard; sourceTree = "<group>"; };
		AACAE9B61EDF428D00065D9F /* Assets.xcassets */ = {isa = PBXFileReference; lastKnownFileType = folder.assetcatalog; path = Assets.xcassets; sourceTree = "<group>"; };
		AACAE9B91EDF428D00065D9F /* Base */ = {isa = PBXFileReference; lastKnownFileType = file.storyboard; name = Base; path = Base.lproj/LaunchScreen.storyboard; sourceTree = "<group>"; };
		AACAE9BB1EDF428D00065D9F /* Info.plist */ = {isa = PBXFileReference; lastKnownFileType = text.plist.xml; path = Info.plist; sourceTree = "<group>"; };
		AACAE9C21EDF437500065D9F /* Alamofire.framework */ = {isa = PBXFileReference; lastKnownFileType = wrapper.framework; name = Alamofire.framework; path = Carthage/Build/iOS/Alamofire.framework; sourceTree = "<group>"; };
/* End PBXFileReference section */

/* Begin PBXFrameworksBuildPhase section */
		AACAE9A71EDF428D00065D9F /* Frameworks */ = {
			isa = PBXFrameworksBuildPhase;
			buildActionMask = 2147483647;
			files = (
				AACAE9C31EDF437500065D9F /* Alamofire.framework in Frameworks */,
			);
			runOnlyForDeploymentPostprocessing = 0;
		};
/* End PBXFrameworksBuildPhase section */

/* Begin PBXGroup section */
		AACAE9A11EDF428D00065D9F = {
			isa = PBXGroup;
			children = (
				AACAE9AC1EDF428D00065D9F /* Lido */,
				AACAE9AB1EDF428D00065D9F /* Products */,
				AACAE9C11EDF437500065D9F /* Frameworks */,
			);
			sourceTree = "<group>";
		};
		AACAE9AB1EDF428D00065D9F /* Products */ = {
			isa = PBXGroup;
			children = (
				AACAE9AA1EDF428D00065D9F /* Lido.app */,
			);
			name = Products;
			sourceTree = "<group>";
		};
		AACAE9AC1EDF428D00065D9F /* Lido */ = {
			isa = PBXGroup;
			children = (
				AACAE9AD1EDF428D00065D9F /* AppDelegate.swift */,
				AACAE9AF1EDF428D00065D9F /* MasterViewController.swift */,
				AACAE9B11EDF428D00065D9F /* DetailViewController.swift */,
				AACAE9B31EDF428D00065D9F /* Main.storyboard */,
				AACAE9B61EDF428D00065D9F /* Assets.xcassets */,
				AACAE9B81EDF428D00065D9F /* LaunchScreen.storyboard */,
				AACAE9BB1EDF428D00065D9F /* Info.plist */,
			);
			path = Lido;
			sourceTree = "<group>";
		};
		AACAE9C11EDF437500065D9F /* Frameworks */ = {
			isa = PBXGroup;
			children = (
				AACAE9C21EDF437500065D9F /* Alamofire.framework */,
			);
			name = Frameworks;
			sourceTree = "<group>";
		};
/* End PBXGroup section */

/* Begin PBXNativeTarget section */
		AACAE9A91EDF428D00065D9F /* Lido */ = {
			isa = PBXNativeTarget;
			buildConfigurationList = AACAE9BE1EDF428D00065D9F /* Build configuration list for PBXNativeTarget "Lido" */;
			buildPhases = (
				AACAE9A61EDF428D00065D9F /* Sources */,
				AACAE9A71EDF428D00065D9F /* Frameworks */,
				AACAE9A81EDF428D00065D9F /* Resources */,
				AACAE9C41EDF438800065D9F /* ShellScript */,
			);
			buildRules = (
			);
			dependencies = (
			);
			name = Lido;
			productName = Lido;
			productReference = AACAE9AA1EDF428D00065D9F /* Lido.app */;
			productType = "com.apple.product-type.application";
		};
/* End PBXNativeTarget section */

/* Begin PBXProject section */
		AACAE9A21EDF428D00065D9F /* Project object */ = {
			isa = PBXProject;
			attributes = {
				LastSwiftUpdateCheck = 0830;
				LastUpgradeCheck = 0830;
				ORGANIZATIONNAME = "Steve Davis";
				TargetAttributes = {
					AACAE9A91EDF428D00065D9F = {
						CreatedOnToolsVersion = 8.3.2;
						DevelopmentTeam = N3S9F8484Z;
						ProvisioningStyle = Automatic;
					};
				};
			};
			buildConfigurationList = AACAE9A51EDF428D00065D9F /* Build configuration list for PBXProject "Lido" */;
			compatibilityVersion = "Xcode 3.2";
			developmentRegion = English;
			hasScannedForEncodings = 0;
			knownRegions = (
				en,
				Base,
			);
			mainGroup = AACAE9A11EDF428D00065D9F;
			productRefGroup = AACAE9AB1EDF428D00065D9F /* Products */;
			projectDirPath = "";
			projectRoot = "";
			targets = (
				AACAE9A91EDF428D00065D9F /* Lido */,
			);
		};
/* End PBXProject section */

/* Begin PBXResourcesBuildPhase section */
		AACAE9A81EDF428D00065D9F /* Resources */ = {
			isa = PBXResourcesBuildPhase;
			buildActionMask = 2147483647;
			files = (
				AACAE9BA1EDF428D00065D9F /* LaunchScreen.storyboard in Resources */,
				AACAE9B71EDF428D00065D9F /* Assets.xcassets in Resources */,
				AACAE9B51EDF428D00065D9F /* Main.storyboard in Resources */,
			);
			runOnlyForDeploymentPostprocessing = 0;
		};
/* End PBXResourcesBuildPhase section */

/* Begin PBXShellScriptBuildPhase section */
		AACAE9C41EDF438800065D9F /* ShellScript */ = {
			isa = PBXShellScriptBuildPhase;
			buildActionMask = 2147483647;
			files = (
			);
			inputPaths = (
				"$(SRCROOT)/Carthage/Build/iOS/Alamofire.framework",
			);
			outputPaths = (
			);
			runOnlyForDeploymentPostprocessing = 0;
			shellPath = /bin/sh;
			shellScript = "/usr/local/bin/carthage copy-frameworks";
		};
/* End PBXShellScriptBuildPhase section */

/* Begin PBXSourcesBuildPhase section */
		AACAE9A61EDF428D00065D9F /* Sources */ = {
			isa = PBXSourcesBuildPhase;
			buildActionMask = 2147483647;
			files = (
				AACAE9B21EDF428D00065D9F /* DetailViewController.swift in Sources */,
				AACAE9B01EDF428D00065D9F /* MasterViewController.swift in Sources */,
				AACAE9AE1EDF428D00065D9F /* AppDelegate.swift in Sources */,
			);
			runOnlyForDeploymentPostprocessing = 0;
		};
/* End PBXSourcesBuildPhase section */

/* Begin PBXVariantGroup section */
		AACAE9B31EDF428D00065D9F /* Main.storyboard */ = {
			isa = PBXVariantGroup;
			children = (
				AACAE9B41EDF428D00065D9F /* Base */,
			);
			name = Main.storyboard;
			sourceTree = "<group>";
		};
		AACAE9B81EDF428D00065D9F /* LaunchScreen.storyboard */ = {
			isa = PBXVariantGroup;
			children = (
				AACAE9B91EDF428D00065D9F /* Base */,
			);
			name = LaunchScreen.storyboard;
			sourceTree = "<group>";
		};
/* End PBXVariantGroup section */

/* Begin XCBuildConfiguration section */
		AACAE9BC1EDF428D00065D9F /* Debug */ = {
			isa = XCBuildConfiguration;
			buildSettings = {
				ALWAYS_SEARCH_USER_PATHS = NO;
				CLANG_ANALYZER_NONNULL = YES;
				CLANG_ANALYZER_NUMBER_OBJECT_CONVERSION = YES_AGGRESSIVE;
				CLANG_CXX_LANGUAGE_STANDARD = "gnu++0x";
				CLANG_CXX_LIBRARY = "libc++";
				CLANG_ENABLE_MODULES = YES;
				CLANG_ENABLE_OBJC_ARC = YES;
				CLANG_WARN_BOOL_CONVERSION = YES;
				CLANG_WARN_CONSTANT_CONVERSION = YES;
				CLANG_WARN_DIRECT_OBJC_ISA_USAGE = YES_ERROR;
				CLANG_WARN_DOCUMENTATION_COMMENTS = YES;
				CLANG_WARN_EMPTY_BODY = YES;
				CLANG_WARN_ENUM_CONVERSION = YES;
				CLANG_WARN_INFINITE_RECURSION = YES;
				CLANG_WARN_INT_CONVERSION = YES;
				CLANG_WARN_OBJC_ROOT_CLASS = YES_ERROR;
				CLANG_WARN_SUSPICIOUS_MOVE = YES;
				CLANG_WARN_UNREACHABLE_CODE = YES;
				CLANG_WARN__DUPLICATE_METHOD_MATCH = YES;
				"CODE_SIGN_IDENTITY[sdk=iphoneos*]" = "iPhone Developer";
				COPY_PHASE_STRIP = NO;
				DEBUG_INFORMATION_FORMAT = dwarf;
				ENABLE_STRICT_OBJC_MSGSEND = YES;
				ENABLE_TESTABILITY = YES;
				GCC_C_LANGUAGE_STANDARD = gnu99;
				GCC_DYNAMIC_NO_PIC = NO;
				GCC_NO_COMMON_BLOCKS = YES;
				GCC_OPTIMIZATION_LEVEL = 0;
				GCC_PREPROCESSOR_DEFINITIONS = (
					"DEBUG=1",
					"$(inherited)",
				);
				GCC_WARN_64_TO_32_BIT_CONVERSION = YES;
				GCC_WARN_ABOUT_RETURN_TYPE = YES_ERROR;
				GCC_WARN_UNDECLARED_SELECTOR = YES;
				GCC_WARN_UNINITIALIZED_AUTOS = YES_AGGRESSIVE;
				GCC_WARN_UNUSED_FUNCTION = YES;
				GCC_WARN_UNUSED_VARIABLE = YES;
				IPHONEOS_DEPLOYMENT_TARGET = 10.3;
				MTL_ENABLE_DEBUG_INFO = YES;
				ONLY_ACTIVE_ARCH = YES;
				SDKROOT = iphoneos;
				SWIFT_ACTIVE_COMPILATION_CONDITIONS = DEBUG;
				SWIFT_OPTIMIZATION_LEVEL = "-Onone";
				TARGETED_DEVICE_FAMILY = "1,2";
			};
			name = Debug;
		};
		AACAE9BD1EDF428D00065D9F /* Release */ = {
			isa = XCBuildConfiguration;
			buildSettings = {
				ALWAYS_SEARCH_USER_PATHS = NO;
				CLANG_ANALYZER_NONNULL = YES;
				CLANG_ANALYZER_NUMBER_OBJECT_CONVERSION = YES_AGGRESSIVE;
				CLANG_CXX_LANGUAGE_STANDARD = "gnu++0x";
				CLANG_CXX_LIBRARY = "libc++";
				CLANG_ENABLE_MODULES = YES;
				CLANG_ENABLE_OBJC_ARC = YES;
				CLANG_WARN_BOOL_CONVERSION = YES;
				CLANG_WARN_CONSTANT_CONVERSION = YES;
				CLANG_WARN_DIRECT_OBJC_ISA_USAGE = YES_ERROR;
				CLANG_WARN_DOCUMENTATION_COMMENTS = YES;
				CLANG_WARN_EMPTY_BODY = YES;
				CLANG_WARN_ENUM_CONVERSION = YES;
				CLANG_WARN_INFINITE_RECURSION = YES;
				CLANG_WARN_INT_CONVERSION = YES;
				CLANG_WARN_OBJC_ROOT_CLASS = YES_ERROR;
				CLANG_WARN_SUSPICIOUS_MOVE = YES;
				CLANG_WARN_UNREACHABLE_CODE = YES;
				CLANG_WARN__DUPLICATE_METHOD_MATCH = YES;
				"CODE_SIGN_IDENTITY[sdk=iphoneos*]" = "iPhone Developer";
				COPY_PHASE_STRIP = NO;
				DEBUG_INFORMATION_FORMAT = "dwarf-with-dsym";
				ENABLE_NS_ASSERTIONS = NO;
				ENABLE_STRICT_OBJC_MSGSEND = YES;
				GCC_C_LANGUAGE_STANDARD = gnu99;
				GCC_NO_COMMON_BLOCKS = YES;
				GCC_WARN_64_TO_32_BIT_CONVERSION = YES;
				GCC_WARN_ABOUT_RETURN_TYPE = YES_ERROR;
				GCC_WARN_UNDECLARED_SELECTOR = YES;
				GCC_WARN_UNINITIALIZED_AUTOS = YES_AGGRESSIVE;
				GCC_WARN_UNUSED_FUNCTION = YES;
				GCC_WARN_UNUSED_VARIABLE = YES;
				IPHONEOS_DEPLOYMENT_TARGET = 10.3;
				MTL_ENABLE_DEBUG_INFO = NO;
				SDKROOT = iphoneos;
				SWIFT_OPTIMIZATION_LEVEL = "-Owholemodule";
				TARGETED_DEVICE_FAMILY = "1,2";
				VALIDATE_PRODUCT = YES;
			};
			name = Release;
		};
		AACAE9BF1EDF428D00065D9F /* Debug */ = {
			isa = XCBuildConfiguration;
			buildSettings = {
				ASSETCATALOG_COMPILER_APPICON_NAME = AppIcon;
				DEVELOPMENT_TEAM = N3S9F8484Z;
				FRAMEWORK_SEARCH_PATHS = (
					"$(inherited)",
					"$(PROJECT_DIR)/Carthage/Build/iOS",
				);
				INFOPLIST_FILE = Lido/Info.plist;
				LD_RUNPATH_SEARCH_PATHS = "$(inherited) @executable_path/Frameworks";
				PRODUCT_BUNDLE_IDENTIFIER = club.celery.Lido;
				PRODUCT_NAME = "$(TARGET_NAME)";
				SWIFT_VERSION = 3.0;
			};
			name = Debug;
		};
		AACAE9C01EDF428D00065D9F /* Release */ = {
			isa = XCBuildConfiguration;
			buildSettings = {
				ASSETCATALOG_COMPILER_APPICON_NAME = AppIcon;
				DEVELOPMENT_TEAM = N3S9F8484Z;
				FRAMEWORK_SEARCH_PATHS = (
					"$(inherited)",
					"$(PROJECT_DIR)/Carthage/Build/iOS",
				);
				INFOPLIST_FILE = Lido/Info.plist;
				LD_RUNPATH_SEARCH_PATHS = "$(inherited) @executable_path/Frameworks";
				PRODUCT_BUNDLE_IDENTIFIER = club.celery.Lido;
				PRODUCT_NAME = "$(TARGET_NAME)";
				SWIFT_VERSION = 3.0;
			};
			name = Release;
		};
/* End XCBuildConfiguration section */

/* Begin XCConfigurationList section */
		AACAE9A51EDF428D00065D9F /* Build configuration list for PBXProject "Lido" */ = {
			isa = XCConfigurationList;
			buildConfigurations = (
				AACAE9BC1EDF428D00065D9F /* Debug */,
				AACAE9BD1EDF428D00065D9F /* Release */,
			);
			defaultConfigurationIsVisible = 0;
			defaultConfigurationName = Release;
		};
		AACAE9BE1EDF428D00065D9F /* Build configuration list for PBXNativeTarget "Lido" */ = {
			isa = XCConfigurationList;
			buildConfigurations = (
				AACAE9BF1EDF428D00065D9F /* Debug */,
				AACAE9C01EDF428D00065D9F /* Release */,
			);
			defaultConfigurationIsVisible = 0;
			defaultConfigurationName = Release;
		};
/* End XCConfigurationList section */
	};
	rootObject = AACAE9A21EDF428D00065D9F /* Project object */;
}
